
Microsoft Visual Studio Solution File, Format Version 12.00
# Visual Studio Version 17
VisualStudioVersion = 17.8.34408.163
MinimumVisualStudioVersion = 10.0.40219.1
Project("{FAE04EC0-301F-11D3-BF4B-00C04F79EFBC}") = "5", "5\5.csproj", "{33547EBE-6A27-4A00-9171-D30B68A6C350}"
EndProject
Global
	GlobalSection(SolutionConfigurationPlatforms) = preSolution
		Debug|Any CPU = Debug|Any CPU
		Release|Any CPU = Release|Any CPU
	EndGlobalSection
	GlobalSection(ProjectConfigurationPlatforms) = postSolution
		{33547EBE-6A27-4A00-9171-D30B68A6C350}.Debug|Any CPU.ActiveCfg = Debug|Any CPU
		{33547EBE-6A27-4A00-9171-D30B68A6C350}.Debug|Any CPU.Build.0 = Debug|Any CPU
		{33547EBE-6A27-4A00-9171-D30B68A6C350}.Release|Any CPU.ActiveCfg = Release|Any CPU
		{33547EBE-6A27-4A00-9171-D30B68A6C350}.Release|Any CPU.Build.0 = Release|Any CPU
	EndGlobalSection
	GlobalSection(SolutionProperties) = preSolution
		HideSolutionNode = FALSE
	EndGlobalSection
	GlobalSection(ExtensibilityGlobals) = postSolution
		SolutionGuid = {85E5A25F-A32D-4DC9-A666-D16F2FE6874C}
	EndGlobalSection
EndGlobal
